
Microsoft Visual Studio Solution File, Format Version 12.00
# Visual Studio Version 17
VisualStudioVersion = 17.2.32526.322
MinimumVisualStudioVersion = 10.0.40219.1
Project("{FAE04EC0-301F-11D3-BF4B-00C04F79EFBC}") = "GuiBasics", "GuiBasics\GuiBasics.csproj", "{1ECC43D9-FF61-4A3F-883F-1701814CEB4C}"
EndProject
Global
	GlobalSection(SolutionConfigurationPlatforms) = preSolution
		Debug|Any CPU = Debug|Any CPU
		Release|Any CPU = Release|Any CPU
	EndGlobalSection
	GlobalSection(ProjectConfigurationPlatforms) = postSolution
		{1ECC43D9-FF61-4A3F-883F-1701814CEB4C}.Debug|Any CPU.ActiveCfg = Debug|Any CPU
		{1ECC43D9-FF61-4A3F-883F-1701814CEB4C}.Debug|Any CPU.Build.0 = Debug|Any CPU
		{1ECC43D9-FF61-4A3F-883F-1701814CEB4C}.Release|Any CPU.ActiveCfg = Release|Any CPU
		{1ECC43D9-FF61-4A3F-883F-1701814CEB4C}.Release|Any CPU.Build.0 = Release|Any CPU
	EndGlobalSection
	GlobalSection(SolutionProperties) = preSolution
		HideSolutionNode = FALSE
	EndGlobalSection
	GlobalSection(ExtensibilityGlobals) = postSolution
		SolutionGuid = {EB2A31D3-2F07-4D1A-9085-25BD7DEEE2B9}
	EndGlobalSection
EndGlobal
