
Microsoft Visual Studio Solution File, Format Version 12.00
# Visual Studio Version 17
VisualStudioVersion = 17.2.32526.322
MinimumVisualStudioVersion = 10.0.40219.1
Project("{FAE04EC0-301F-11D3-BF4B-00C04F79EFBC}") = "ValueOrReference", "ValueOrReference\ValueOrReference.csproj", "{D600C67E-5ACE-4546-AC99-A8833241D537}"
EndProject
Global
	GlobalSection(SolutionConfigurationPlatforms) = preSolution
		Debug|Any CPU = Debug|Any CPU
		Release|Any CPU = Release|Any CPU
	EndGlobalSection
	GlobalSection(ProjectConfigurationPlatforms) = postSolution
		{D600C67E-5ACE-4546-AC99-A8833241D537}.Debug|Any CPU.ActiveCfg = Debug|Any CPU
		{D600C67E-5ACE-4546-AC99-A8833241D537}.Debug|Any CPU.Build.0 = Debug|Any CPU
		{D600C67E-5ACE-4546-AC99-A8833241D537}.Release|Any CPU.ActiveCfg = Release|Any CPU
		{D600C67E-5ACE-4546-AC99-A8833241D537}.Release|Any CPU.Build.0 = Release|Any CPU
	EndGlobalSection
	GlobalSection(SolutionProperties) = preSolution
		HideSolutionNode = FALSE
	EndGlobalSection
	GlobalSection(ExtensibilityGlobals) = postSolution
		SolutionGuid = {E9D78599-3B37-4798-9ED7-90A4670833FC}
	EndGlobalSection
EndGlobal
