
Microsoft Visual Studio Solution File, Format Version 12.00
# Visual Studio Version 17
VisualStudioVersion = 17.2.32526.322
MinimumVisualStudioVersion = 10.0.40219.1
Project("{FAE04EC0-301F-11D3-BF4B-00C04F79EFBC}") = "PooBasics", "PooBasics\PooBasics.csproj", "{6A6455F7-DB08-46D0-9379-14D65D270E33}"
EndProject
Global
	GlobalSection(SolutionConfigurationPlatforms) = preSolution
		Debug|Any CPU = Debug|Any CPU
		Release|Any CPU = Release|Any CPU
	EndGlobalSection
	GlobalSection(ProjectConfigurationPlatforms) = postSolution
		{6A6455F7-DB08-46D0-9379-14D65D270E33}.Debug|Any CPU.ActiveCfg = Debug|Any CPU
		{6A6455F7-DB08-46D0-9379-14D65D270E33}.Debug|Any CPU.Build.0 = Debug|Any CPU
		{6A6455F7-DB08-46D0-9379-14D65D270E33}.Release|Any CPU.ActiveCfg = Release|Any CPU
		{6A6455F7-DB08-46D0-9379-14D65D270E33}.Release|Any CPU.Build.0 = Release|Any CPU
	EndGlobalSection
	GlobalSection(SolutionProperties) = preSolution
		HideSolutionNode = FALSE
	EndGlobalSection
	GlobalSection(ExtensibilityGlobals) = postSolution
		SolutionGuid = {27B71050-2A2D-4911-9B1A-09ADDF0A90F2}
	EndGlobalSection
EndGlobal
